// !$*UTF8*$!
{
	archiveVersion = 1;
	classes = {
	};
	objectVersion = 50;
	objects = {

/* Begin PBXBuildFile section */
		BE198D7F2298606A00394FAA /* AppDelegate.m in Sources */ = {isa = PBXBuildFile; fileRef = BE198D7E2298606A00394FAA /* AppDelegate.m */; };
		BE198D822298606A00394FAA /* ViewController.m in Sources */ = {isa = PBXBuildFile; fileRef = BE198D812298606A00394FAA /* ViewController.m */; };
		BE198D852298606A00394FAA /* Main.storyboard in Resources */ = {isa = PBXBuildFile; fileRef = BE198D832298606A00394FAA /* Main.storyboard */; };
		BE198D872298606B00394FAA /* Assets.xcassets in Resources */ = {isa = PBXBuildFile; fileRef = BE198D862298606B00394FAA /* Assets.xcassets */; };
		BE198D8A2298606B00394FAA /* LaunchScreen.storyboard in Resources */ = {isa = PBXBuildFile; fileRef = BE198D882298606B00394FAA /* LaunchScreen.storyboard */; };
		BE198D8D2298606B00394FAA /* main.m in Sources */ = {isa = PBXBuildFile; fileRef = BE198D8C2298606B00394FAA /* main.m */; };
		BE198D962298785300394FAA /* ABCView.m in Sources */ = {isa = PBXBuildFile; fileRef = BE198D952298785300394FAA /* ABCView.m */; };
/* End PBXBuildFile section */

/* Begin PBXFileReference section */
		BE198D7A2298606A00394FAA /* FirstViewSteps.app */ = {isa = PBXFileReference; explicitFileType = wrapper.application; includeInIndex = 0; path = FirstViewSteps.app; sourceTree = BUILT_PRODUCTS_DIR; };
		BE198D7D2298606A00394FAA /* AppDelegate.h */ = {isa = PBXFileReference; lastKnownFileType = sourcecode.c.h; path = AppDelegate.h; sourceTree = "<group>"; };
		BE198D7E2298606A00394FAA /* AppDelegate.m */ = {isa = PBXFileReference; lastKnownFileType = sourcecode.c.objc; path = AppDelegate.m; sourceTree = "<group>"; };
		BE198D802298606A00394FAA /* ViewController.h */ = {isa = PBXFileReference; lastKnownFileType = sourcecode.c.h; path = ViewController.h; sourceTree = "<group>"; };
		BE198D812298606A00394FAA /* ViewController.m */ = {isa = PBXFileReference; lastKnownFileType = sourcecode.c.objc; path = ViewController.m; sourceTree = "<group>"; };
		BE198D842298606A00394FAA /* Base */ = {isa = PBXFileReference; lastKnownFileType = file.storyboard; name = Base; path = Base.lproj/Main.storyboard; sourceTree = "<group>"; };
		BE198D862298606B00394FAA /* Assets.xcassets */ = {isa = PBXFileReference; lastKnownFileType = folder.assetcatalog; path = Assets.xcassets; sourceTree = "<group>"; };
		BE198D892298606B00394FAA /* Base */ = {isa = PBXFileReference; lastKnownFileType = file.storyboard; name = Base; path = Base.lproj/LaunchScreen.storyboard; sourceTree = "<group>"; };
		BE198D8B2298606B00394FAA /* Info.plist */ = {isa = PBXFileReference; lastKnownFileType = text.plist.xml; path = Info.plist; sourceTree = "<group>"; };
		BE198D8C2298606B00394FAA /* main.m */ = {isa = PBXFileReference; lastKnownFileType = sourcecode.c.objc; path = main.m; sourceTree = "<group>"; };
		BE198D942298785300394FAA /* ABCView.h */ = {isa = PBXFileReference; lastKnownFileType = sourcecode.c.h; path = ABCView.h; sourceTree = "<group>"; };
		BE198D952298785300394FAA /* ABCView.m */ = {isa = PBXFileReference; lastKnownFileType = sourcecode.c.objc; path = ABCView.m; sourceTree = "<group>"; };
/* End PBXFileReference section */

/* Begin PBXFrameworksBuildPhase section */
		BE198D772298606A00394FAA /* Frameworks */ = {
			isa = PBXFrameworksBuildPhase;
			buildActionMask = 2147483647;
			files = (
			);
			runOnlyForDeploymentPostprocessing = 0;
		};
/* End PBXFrameworksBuildPhase section */

/* Begin PBXGroup section */
		BE198D712298606A00394FAA = {
			isa = PBXGroup;
			children = (
				BE198D7C2298606A00394FAA /* FirstViewSteps */,
				BE198D7B2298606A00394FAA /* Products */,
			);
			sourceTree = "<group>";
		};
		BE198D7B2298606A00394FAA /* Products */ = {
			isa = PBXGroup;
			children = (
				BE198D7A2298606A00394FAA /* FirstViewSteps.app */,
			);
			name = Products;
			sourceTree = "<group>";
		};
		BE198D7C2298606A00394FAA /* FirstViewSteps */ = {
			isa = PBXGroup;
			children = (
				BE198D93229877F300394FAA /* Views */,
				BE198D7D2298606A00394FAA /* AppDelegate.h */,
				BE198D7E2298606A00394FAA /* AppDelegate.m */,
				BE198D802298606A00394FAA /* ViewController.h */,
				BE198D812298606A00394FAA /* ViewController.m */,
				BE198D832298606A00394FAA /* Main.storyboard */,
				BE198D862298606B00394FAA /* Assets.xcassets */,
				BE198D882298606B00394FAA /* LaunchScreen.storyboard */,
				BE198D8B2298606B00394FAA /* Info.plist */,
				BE198D8C2298606B00394FAA /* main.m */,
			);
			path = FirstViewSteps;
			sourceTree = "<group>";
		};
		BE198D93229877F300394FAA /* Views */ = {
			isa = PBXGroup;
			children = (
				BE198D942298785300394FAA /* ABCView.h */,
				BE198D952298785300394FAA /* ABCView.m */,
			);
			name = Views;
			sourceTree = "<group>";
		};
/* End PBXGroup section */

/* Begin PBXNativeTarget section */
		BE198D792298606A00394FAA /* FirstViewSteps */ = {
			isa = PBXNativeTarget;
			buildConfigurationList = BE198D902298606B00394FAA /* Build configuration list for PBXNativeTarget "FirstViewSteps" */;
			buildPhases = (
				BE198D762298606A00394FAA /* Sources */,
				BE198D772298606A00394FAA /* Frameworks */,
				BE198D782298606A00394FAA /* Resources */,
			);
			buildRules = (
			);
			dependencies = (
			);
			name = FirstViewSteps;
			productName = FirstViewSteps;
			productReference = BE198D7A2298606A00394FAA /* FirstViewSteps.app */;
			productType = "com.apple.product-type.application";
		};
/* End PBXNativeTarget section */

/* Begin PBXProject section */
		BE198D722298606A00394FAA /* Project object */ = {
			isa = PBXProject;
			attributes = {
				LastUpgradeCheck = 1020;
				ORGANIZATIONNAME = "Aidar Valeev";
				TargetAttributes = {
					BE198D792298606A00394FAA = {
						CreatedOnToolsVersion = 10.2.1;
					};
				};
			};
			buildConfigurationList = BE198D752298606A00394FAA /* Build configuration list for PBXProject "FirstViewSteps" */;
			compatibilityVersion = "Xcode 9.3";
			developmentRegion = en;
			hasScannedForEncodings = 0;
			knownRegions = (
				en,
				Base,
			);
			mainGroup = BE198D712298606A00394FAA;
			productRefGroup = BE198D7B2298606A00394FAA /* Products */;
			projectDirPath = "";
			projectRoot = "";
			targets = (
				BE198D792298606A00394FAA /* FirstViewSteps */,
			);
		};
/* End PBXProject section */

/* Begin PBXResourcesBuildPhase section */
		BE198D782298606A00394FAA /* Resources */ = {
			isa = PBXResourcesBuildPhase;
			buildActionMask = 2147483647;
			files = (
				BE198D8A2298606B00394FAA /* LaunchScreen.storyboard in Resources */,
				BE198D872298606B00394FAA /* Assets.xcassets in Resources */,
				BE198D852298606A00394FAA /* Main.storyboard in Resources */,
			);
			runOnlyForDeploymentPostprocessing = 0;
		};
/* End PBXResourcesBuildPhase section */

/* Begin PBXSourcesBuildPhase section */
		BE198D762298606A00394FAA /* Sources */ = {
			isa = PBXSourcesBuildPhase;
			buildActionMask = 2147483647;
			files = (
				BE198D822298606A00394FAA /* ViewController.m in Sources */,
				BE198D962298785300394FAA /* ABCView.m in Sources */,
				BE198D8D2298606B00394FAA /* main.m in Sources */,
				BE198D7F2298606A00394FAA /* AppDelegate.m in Sources */,
			);
			runOnlyForDeploymentPostprocessing = 0;
		};
/* End PBXSourcesBuildPhase section */

/* Begin PBXVariantGroup section */
		BE198D832298606A00394FAA /* Main.storyboard */ = {
			isa = PBXVariantGroup;
			children = (
				BE198D842298606A00394FAA /* Base */,
			);
			name = Main.storyboard;
			sourceTree = "<group>";
		};
		BE198D882298606B00394FAA /* LaunchScreen.storyboard */ = {
			isa = PBXVariantGroup;
			children = (
				BE198D892298606B00394FAA /* Base */,
			);
			name = LaunchScreen.storyboard;
			sourceTree = "<group>";
		};
/* End PBXVariantGroup section */

/* Begin XCBuildConfiguration section */
		BE198D8E2298606B00394FAA /* Debug */ = {
			isa = XCBuildConfiguration;
			buildSettings = {
				ALWAYS_SEARCH_USER_PATHS = NO;
				CLANG_ANALYZER_NONNULL = YES;
				CLANG_ANALYZER_NUMBER_OBJECT_CONVERSION = YES_AGGRESSIVE;
				CLANG_CXX_LANGUAGE_STANDARD = "gnu++14";
				CLANG_CXX_LIBRARY = "libc++";
				CLANG_ENABLE_MODULES = YES;
				CLANG_ENABLE_OBJC_ARC = YES;
				CLANG_ENABLE_OBJC_WEAK = YES;
				CLANG_WARN_BLOCK_CAPTURE_AUTORELEASING = YES;
				CLANG_WARN_BOOL_CONVERSION = YES;
				CLANG_WARN_COMMA = YES;
				CLANG_WARN_CONSTANT_CONVERSION = YES;
				CLANG_WARN_DEPRECATED_OBJC_IMPLEMENTATIONS = YES;
				CLANG_WARN_DIRECT_OBJC_ISA_USAGE = YES_ERROR;
				CLANG_WARN_DOCUMENTATION_COMMENTS = YES;
				CLANG_WARN_EMPTY_BODY = YES;
				CLANG_WARN_ENUM_CONVERSION = YES;
				CLANG_WARN_INFINITE_RECURSION = YES;
				CLANG_WARN_INT_CONVERSION = YES;
				CLANG_WARN_NON_LITERAL_NULL_CONVERSION = YES;
				CLANG_WARN_OBJC_IMPLICIT_RETAIN_SELF = YES;
				CLANG_WARN_OBJC_LITERAL_CONVERSION = YES;
				CLANG_WARN_OBJC_ROOT_CLASS = YES_ERROR;
				CLANG_WARN_RANGE_LOOP_ANALYSIS = YES;
				CLANG_WARN_STRICT_PROTOTYPES = YES;
				CLANG_WARN_SUSPICIOUS_MOVE = YES;
				CLANG_WARN_UNGUARDED_AVAILABILITY = YES_AGGRESSIVE;
				CLANG_WARN_UNREACHABLE_CODE = YES;
				CLANG_WARN__DUPLICATE_METHOD_MATCH = YES;
				CODE_SIGN_IDENTITY = "iPhone Developer";
				COPY_PHASE_STRIP = NO;
				DEBUG_INFORMATION_FORMAT = dwarf;
				ENABLE_STRICT_OBJC_MSGSEND = YES;
				ENABLE_TESTABILITY = YES;
				GCC_C_LANGUAGE_STANDARD = gnu11;
				GCC_DYNAMIC_NO_PIC = NO;
				GCC_NO_COMMON_BLOCKS = YES;
				GCC_OPTIMIZATION_LEVEL = 0;
				GCC_PREPROCESSOR_DEFINITIONS = (
					"DEBUG=1",
					"$(inherited)",
				);
				GCC_WARN_64_TO_32_BIT_CONVERSION = YES;
				GCC_WARN_ABOUT_RETURN_TYPE = YES_ERROR;
				GCC_WARN_UNDECLARED_SELECTOR = YES;
				GCC_WARN_UNINITIALIZED_AUTOS = YES_AGGRESSIVE;
				GCC_WARN_UNUSED_FUNCTION = YES;
				GCC_WARN_UNUSED_VARIABLE = YES;
				IPHONEOS_DEPLOYMENT_TARGET = 12.2;
				MTL_ENABLE_DEBUG_INFO = INCLUDE_SOURCE;
				MTL_FAST_MATH = YES;
				ONLY_ACTIVE_ARCH = YES;
				SDKROOT = iphoneos;
			};
			name = Debug;
		};
		BE198D8F2298606B00394FAA /* Release */ = {
			isa = XCBuildConfiguration;
			buildSettings = {
				ALWAYS_SEARCH_USER_PATHS = NO;
				CLANG_ANALYZER_NONNULL = YES;
				CLANG_ANALYZER_NUMBER_OBJECT_CONVERSION = YES_AGGRESSIVE;
				CLANG_CXX_LANGUAGE_STANDARD = "gnu++14";
				CLANG_CXX_LIBRARY = "libc++";
				CLANG_ENABLE_MODULES = YES;
				CLANG_ENABLE_OBJC_ARC = YES;
				CLANG_ENABLE_OBJC_WEAK = YES;
				CLANG_WARN_BLOCK_CAPTURE_AUTORELEASING = YES;
				CLANG_WARN_BOOL_CONVERSION = YES;
				CLANG_WARN_COMMA = YES;
				CLANG_WARN_CONSTANT_CONVERSION = YES;
				CLANG_WARN_DEPRECATED_OBJC_IMPLEMENTATIONS = YES;
				CLANG_WARN_DIRECT_OBJC_ISA_USAGE = YES_ERROR;
				CLANG_WARN_DOCUMENTATION_COMMENTS = YES;
				CLANG_WARN_EMPTY_BODY = YES;
				CLANG_WARN_ENUM_CONVERSION = YES;
				CLANG_WARN_INFINITE_RECURSION = YES;
				CLANG_WARN_INT_CONVERSION = YES;
				CLANG_WARN_NON_LITERAL_NULL_CONVERSION = YES;
				CLANG_WARN_OBJC_IMPLICIT_RETAIN_SELF = YES;
				CLANG_WARN_OBJC_LITERAL_CONVERSION = YES;
				CLANG_WARN_OBJC_ROOT_CLASS = YES_ERROR;
				CLANG_WARN_RANGE_LOOP_ANALYSIS = YES;
				CLANG_WARN_STRICT_PROTOTYPES = YES;
				CLANG_WARN_SUSPICIOUS_MOVE = YES;
				CLANG_WARN_UNGUARDED_AVAILABILITY = YES_AGGRESSIVE;
				CLANG_WARN_UNREACHABLE_CODE = YES;
				CLANG_WARN__DUPLICATE_METHOD_MATCH = YES;
				CODE_SIGN_IDENTITY = "iPhone Developer";
				COPY_PHASE_STRIP = NO;
				DEBUG_INFORMATION_FORMAT = "dwarf-with-dsym";
				ENABLE_NS_ASSERTIONS = NO;
				ENABLE_STRICT_OBJC_MSGSEND = YES;
				GCC_C_LANGUAGE_STANDARD = gnu11;
				GCC_NO_COMMON_BLOCKS = YES;
				GCC_WARN_64_TO_32_BIT_CONVERSION = YES;
				GCC_WARN_ABOUT_RETURN_TYPE = YES_ERROR;
				GCC_WARN_UNDECLARED_SELECTOR = YES;
				GCC_WARN_UNINITIALIZED_AUTOS = YES_AGGRESSIVE;
				GCC_WARN_UNUSED_FUNCTION = YES;
				GCC_WARN_UNUSED_VARIABLE = YES;
				IPHONEOS_DEPLOYMENT_TARGET = 12.2;
				MTL_ENABLE_DEBUG_INFO = NO;
				MTL_FAST_MATH = YES;
				SDKROOT = iphoneos;
				VALIDATE_PRODUCT = YES;
			};
			name = Release;
		};
		BE198D912298606B00394FAA /* Debug */ = {
			isa = XCBuildConfiguration;
			buildSettings = {
				ASSETCATALOG_COMPILER_APPICON_NAME = AppIcon;
				CODE_SIGN_STYLE = Automatic;
				DEVELOPMENT_TEAM = FE5WRLEXRE;
				INFOPLIST_FILE = FirstViewSteps/Info.plist;
				LD_RUNPATH_SEARCH_PATHS = (
					"$(inherited)",
					"@executable_path/Frameworks",
				);
				PRODUCT_BUNDLE_IDENTIFIER = top.FirstViewSteps;
				PRODUCT_NAME = "$(TARGET_NAME)";
				TARGETED_DEVICE_FAMILY = "1,2";
			};
			name = Debug;
		};
		BE198D922298606B00394FAA /* Release */ = {
			isa = XCBuildConfiguration;
			buildSettings = {
				ASSETCATALOG_COMPILER_APPICON_NAME = AppIcon;
				CODE_SIGN_STYLE = Automatic;
				DEVELOPMENT_TEAM = FE5WRLEXRE;
				INFOPLIST_FILE = FirstViewSteps/Info.plist;
				LD_RUNPATH_SEARCH_PATHS = (
					"$(inherited)",
					"@executable_path/Frameworks",
				);
				PRODUCT_BUNDLE_IDENTIFIER = top.FirstViewSteps;
				PRODUCT_NAME = "$(TARGET_NAME)";
				TARGETED_DEVICE_FAMILY = "1,2";
			};
			name = Release;
		};
/* End XCBuildConfiguration section */

/* Begin XCConfigurationList section */
		BE198D752298606A00394FAA /* Build configuration list for PBXProject "FirstViewSteps" */ = {
			isa = XCConfigurationList;
			buildConfigurations = (
				BE198D8E2298606B00394FAA /* Debug */,
				BE198D8F2298606B00394FAA /* Release */,
			);
			defaultConfigurationIsVisible = 0;
			defaultConfigurationName = Release;
		};
		BE198D902298606B00394FAA /* Build configuration list for PBXNativeTarget "FirstViewSteps" */ = {
			isa = XCConfigurationList;
			buildConfigurations = (
				BE198D912298606B00394FAA /* Debug */,
				BE198D922298606B00394FAA /* Release */,
			);
			defaultConfigurationIsVisible = 0;
			defaultConfigurationName = Release;
		};
/* End XCConfigurationList section */
	};
	rootObject = BE198D722298606A00394FAA /* Project object */;
}
